{
  "requires": true,
  "lockfileVersion": 1,
  "dependencies": {
    "@interactjs/types": {
      "version": "1.9.19",
      "resolved": "https://npm.advisa.se/@interactjs%2ftypes/-/types-1.9.19.tgz",
      "integrity": "sha512-PcaY5MmQTH5eiI525d57eB+/OH6V7utU5FfkbjfvYdFV2dE8NXjYlKiXOy7G0/Y08PyXPhge60TFaYOMYqmIUQ=="
    },
    "interactjs": {
      "version": "1.9.19",
      "resolved": "https://npm.advisa.se/interactjs/-/interactjs-1.9.19.tgz",
      "integrity": "sha512-ChmOCu0MMUuwvag/WpmgH3sGTDZ5WwnUCPSXwc+gFKyTNVUs5HsSj+WBj0/hdA7cBwscMe24vergPcwrs8vLmQ==",
      "requires": {
        "@interactjs/types": "1.9.19"
      }
    }
  }
}
